// !$*UTF8*$!
{
	archiveVersion = 1;
	classes = {
	};
	objectVersion = 50;
	objects = {

/* Begin PBXBuildFile section */
		961A2DE5220CD9C4001A95E6 /* AppDelegate.swift in Sources */ = {isa = PBXBuildFile; fileRef = 961A2DE4220CD9C4001A95E6 /* AppDelegate.swift */; };
		961A2DE7220CD9C4001A95E6 /* AnimeViewController.swift in Sources */ = {isa = PBXBuildFile; fileRef = 961A2DE6220CD9C4001A95E6 /* AnimeViewController.swift */; };
		961A2DEA220CD9C4001A95E6 /* Main.storyboard in Resources */ = {isa = PBXBuildFile; fileRef = 961A2DE8220CD9C4001A95E6 /* Main.storyboard */; };
		961A2DEC220CD9C4001A95E6 /* Assets.xcassets in Resources */ = {isa = PBXBuildFile; fileRef = 961A2DEB220CD9C4001A95E6 /* Assets.xcassets */; };
		961A2DEF220CD9C4001A95E6 /* LaunchScreen.storyboard in Resources */ = {isa = PBXBuildFile; fileRef = 961A2DED220CD9C4001A95E6 /* LaunchScreen.storyboard */; };
		961A2DFA220CD9C4001A95E6 /* AnimeSaverTests.swift in Sources */ = {isa = PBXBuildFile; fileRef = 961A2DF9220CD9C4001A95E6 /* AnimeSaverTests.swift */; };
		961A2E05220CD9C4001A95E6 /* AnimeSaverUITests.swift in Sources */ = {isa = PBXBuildFile; fileRef = 961A2E04220CD9C4001A95E6 /* AnimeSaverUITests.swift */; };
		9665C3AB22122431000E61C6 /* AnimeDetailViewController.swift in Sources */ = {isa = PBXBuildFile; fileRef = 9665C3AA22122431000E61C6 /* AnimeDetailViewController.swift */; };
		9665C3AF22122674000E61C6 /* AnimeCell.swift in Sources */ = {isa = PBXBuildFile; fileRef = 9665C3AE22122674000E61C6 /* AnimeCell.swift */; };
		96CB6FEB2225961600810F11 /* GoogleService-Info.plist in Resources */ = {isa = PBXBuildFile; fileRef = 96CB6FEA2225961600810F11 /* GoogleService-Info.plist */; };
		96CF31A1221F0710003D151E /* AnimeModel.swift in Sources */ = {isa = PBXBuildFile; fileRef = 96CF31A0221F0710003D151E /* AnimeModel.swift */; };
		96CF31A4221F074C003D151E /* StreamModel.swift in Sources */ = {isa = PBXBuildFile; fileRef = 96CF31A3221F074C003D151E /* StreamModel.swift */; };
		96CF31A7221F0EB3003D151E /* UrlConverter.swift in Sources */ = {isa = PBXBuildFile; fileRef = 96CF31A6221F0EB3003D151E /* UrlConverter.swift */; };
		96CF31A9221F0F67003D151E /* MyNetworkHelper.swift in Sources */ = {isa = PBXBuildFile; fileRef = 96CF31A8221F0F67003D151E /* MyNetworkHelper.swift */; };
		96CF31AB221F1C42003D151E /* PreviewViewController.swift in Sources */ = {isa = PBXBuildFile; fileRef = 96CF31AA221F1C42003D151E /* PreviewViewController.swift */; };
		D4C9D1C12F45EAC8FD5866AB /* Pods_AnimeSaver.framework in Frameworks */ = {isa = PBXBuildFile; fileRef = E1C39802097BFB4C45D575E5 /* Pods_AnimeSaver.framework */; };
/* End PBXBuildFile section */

/* Begin PBXContainerItemProxy section */
		961A2DF6220CD9C4001A95E6 /* PBXContainerItemProxy */ = {
			isa = PBXContainerItemProxy;
			containerPortal = 961A2DD9220CD9C4001A95E6 /* Project object */;
			proxyType = 1;
			remoteGlobalIDString = 961A2DE0220CD9C4001A95E6;
			remoteInfo = AnimeSaver;
		};
		961A2E01220CD9C4001A95E6 /* PBXContainerItemProxy */ = {
			isa = PBXContainerItemProxy;
			containerPortal = 961A2DD9220CD9C4001A95E6 /* Project object */;
			proxyType = 1;
			remoteGlobalIDString = 961A2DE0220CD9C4001A95E6;
			remoteInfo = AnimeSaver;
		};
/* End PBXContainerItemProxy section */

/* Begin PBXFileReference section */
		2B49318EBAF532148DE8607E /* Pods-AnimeSaver.release.xcconfig */ = {isa = PBXFileReference; includeInIndex = 1; lastKnownFileType = text.xcconfig; name = "Pods-AnimeSaver.release.xcconfig"; path = "Target Support Files/Pods-AnimeSaver/Pods-AnimeSaver.release.xcconfig"; sourceTree = "<group>"; };
		961A2DE1220CD9C4001A95E6 /* AnimeSaver.app */ = {isa = PBXFileReference; explicitFileType = wrapper.application; includeInIndex = 0; path = AnimeSaver.app; sourceTree = BUILT_PRODUCTS_DIR; };
		961A2DE4220CD9C4001A95E6 /* AppDelegate.swift */ = {isa = PBXFileReference; lastKnownFileType = sourcecode.swift; path = AppDelegate.swift; sourceTree = "<group>"; };
		961A2DE6220CD9C4001A95E6 /* AnimeViewController.swift */ = {isa = PBXFileReference; lastKnownFileType = sourcecode.swift; path = AnimeViewController.swift; sourceTree = "<group>"; };
		961A2DE9220CD9C4001A95E6 /* Base */ = {isa = PBXFileReference; lastKnownFileType = file.storyboard; name = Base; path = Base.lproj/Main.storyboard; sourceTree = "<group>"; };
		961A2DEB220CD9C4001A95E6 /* Assets.xcassets */ = {isa = PBXFileReference; lastKnownFileType = folder.assetcatalog; path = Assets.xcassets; sourceTree = "<group>"; };
		961A2DEE220CD9C4001A95E6 /* Base */ = {isa = PBXFileReference; lastKnownFileType = file.storyboard; name = Base; path = Base.lproj/LaunchScreen.storyboard; sourceTree = "<group>"; };
		961A2DF0220CD9C4001A95E6 /* Info.plist */ = {isa = PBXFileReference; lastKnownFileType = text.plist.xml; path = Info.plist; sourceTree = "<group>"; };
		961A2DF5220CD9C4001A95E6 /* AnimeSaverTests.xctest */ = {isa = PBXFileReference; explicitFileType = wrapper.cfbundle; includeInIndex = 0; path = AnimeSaverTests.xctest; sourceTree = BUILT_PRODUCTS_DIR; };
		961A2DF9220CD9C4001A95E6 /* AnimeSaverTests.swift */ = {isa = PBXFileReference; lastKnownFileType = sourcecode.swift; path = AnimeSaverTests.swift; sourceTree = "<group>"; };
		961A2DFB220CD9C4001A95E6 /* Info.plist */ = {isa = PBXFileReference; lastKnownFileType = text.plist.xml; path = Info.plist; sourceTree = "<group>"; };
		961A2E00220CD9C4001A95E6 /* AnimeSaverUITests.xctest */ = {isa = PBXFileReference; explicitFileType = wrapper.cfbundle; includeInIndex = 0; path = AnimeSaverUITests.xctest; sourceTree = BUILT_PRODUCTS_DIR; };
		961A2E04220CD9C4001A95E6 /* AnimeSaverUITests.swift */ = {isa = PBXFileReference; lastKnownFileType = sourcecode.swift; path = AnimeSaverUITests.swift; sourceTree = "<group>"; };
		961A2E06220CD9C4001A95E6 /* Info.plist */ = {isa = PBXFileReference; lastKnownFileType = text.plist.xml; path = Info.plist; sourceTree = "<group>"; };
		9665C3AA22122431000E61C6 /* AnimeDetailViewController.swift */ = {isa = PBXFileReference; lastKnownFileType = sourcecode.swift; path = AnimeDetailViewController.swift; sourceTree = "<group>"; };
		9665C3AE22122674000E61C6 /* AnimeCell.swift */ = {isa = PBXFileReference; lastKnownFileType = sourcecode.swift; path = AnimeCell.swift; sourceTree = "<group>"; };
		96CB6FEA2225961600810F11 /* GoogleService-Info.plist */ = {isa = PBXFileReference; fileEncoding = 4; lastKnownFileType = text.plist.xml; path = "GoogleService-Info.plist"; sourceTree = "<group>"; };
		96CF31A0221F0710003D151E /* AnimeModel.swift */ = {isa = PBXFileReference; lastKnownFileType = sourcecode.swift; path = AnimeModel.swift; sourceTree = "<group>"; };
		96CF31A3221F074C003D151E /* StreamModel.swift */ = {isa = PBXFileReference; lastKnownFileType = sourcecode.swift; path = StreamModel.swift; sourceTree = "<group>"; };
		96CF31A6221F0EB3003D151E /* UrlConverter.swift */ = {isa = PBXFileReference; lastKnownFileType = sourcecode.swift; path = UrlConverter.swift; sourceTree = "<group>"; };
		96CF31A8221F0F67003D151E /* MyNetworkHelper.swift */ = {isa = PBXFileReference; lastKnownFileType = sourcecode.swift; path = MyNetworkHelper.swift; sourceTree = "<group>"; };
		96CF31AA221F1C42003D151E /* PreviewViewController.swift */ = {isa = PBXFileReference; lastKnownFileType = sourcecode.swift; path = PreviewViewController.swift; sourceTree = "<group>"; };
		ACF1A1A5B4D0236B82CAA1F1 /* Pods-AnimeSaver.debug.xcconfig */ = {isa = PBXFileReference; includeInIndex = 1; lastKnownFileType = text.xcconfig; name = "Pods-AnimeSaver.debug.xcconfig"; path = "Target Support Files/Pods-AnimeSaver/Pods-AnimeSaver.debug.xcconfig"; sourceTree = "<group>"; };
		E1C39802097BFB4C45D575E5 /* Pods_AnimeSaver.framework */ = {isa = PBXFileReference; explicitFileType = wrapper.framework; includeInIndex = 0; path = Pods_AnimeSaver.framework; sourceTree = BUILT_PRODUCTS_DIR; };
/* End PBXFileReference section */

/* Begin PBXFrameworksBuildPhase section */
		961A2DDE220CD9C4001A95E6 /* Frameworks */ = {
			isa = PBXFrameworksBuildPhase;
			buildActionMask = 2147483647;
			files = (
				D4C9D1C12F45EAC8FD5866AB /* Pods_AnimeSaver.framework in Frameworks */,
			);
			runOnlyForDeploymentPostprocessing = 0;
		};
		961A2DF2220CD9C4001A95E6 /* Frameworks */ = {
			isa = PBXFrameworksBuildPhase;
			buildActionMask = 2147483647;
			files = (
			);
			runOnlyForDeploymentPostprocessing = 0;
		};
		961A2DFD220CD9C4001A95E6 /* Frameworks */ = {
			isa = PBXFrameworksBuildPhase;
			buildActionMask = 2147483647;
			files = (
			);
			runOnlyForDeploymentPostprocessing = 0;
		};
/* End PBXFrameworksBuildPhase section */

/* Begin PBXGroup section */
		961A2DD8220CD9C4001A95E6 = {
			isa = PBXGroup;
			children = (
				961A2DE3220CD9C4001A95E6 /* AnimeSaver */,
				961A2DF8220CD9C4001A95E6 /* AnimeSaverTests */,
				961A2E03220CD9C4001A95E6 /* AnimeSaverUITests */,
				961A2DE2220CD9C4001A95E6 /* Products */,
				CA9D092EE41E478C5C83BD46 /* Pods */,
				F3F68A0833B46C1F1F647FAC /* Frameworks */,
			);
			sourceTree = "<group>";
		};
		961A2DE2220CD9C4001A95E6 /* Products */ = {
			isa = PBXGroup;
			children = (
				961A2DE1220CD9C4001A95E6 /* AnimeSaver.app */,
				961A2DF5220CD9C4001A95E6 /* AnimeSaverTests.xctest */,
				961A2E00220CD9C4001A95E6 /* AnimeSaverUITests.xctest */,
			);
			name = Products;
			sourceTree = "<group>";
		};
		961A2DE3220CD9C4001A95E6 /* AnimeSaver */ = {
			isa = PBXGroup;
			children = (
				96CF31A5221F0EA5003D151E /* Helpers */,
				96CF31A2221F071D003D151E /* Models */,
				9665C3AC2212245F000E61C6 /* VC's */,
				9665C3AD22122499000E61C6 /* Extra */,
				961A2DF0220CD9C4001A95E6 /* Info.plist */,
				96CB6FEA2225961600810F11 /* GoogleService-Info.plist */,
			);
			path = AnimeSaver;
			sourceTree = "<group>";
		};
		961A2DF8220CD9C4001A95E6 /* AnimeSaverTests */ = {
			isa = PBXGroup;
			children = (
				961A2DF9220CD9C4001A95E6 /* AnimeSaverTests.swift */,
				961A2DFB220CD9C4001A95E6 /* Info.plist */,
			);
			path = AnimeSaverTests;
			sourceTree = "<group>";
		};
		961A2E03220CD9C4001A95E6 /* AnimeSaverUITests */ = {
			isa = PBXGroup;
			children = (
				961A2E04220CD9C4001A95E6 /* AnimeSaverUITests.swift */,
				961A2E06220CD9C4001A95E6 /* Info.plist */,
			);
			path = AnimeSaverUITests;
			sourceTree = "<group>";
		};
		9665C3AC2212245F000E61C6 /* VC's */ = {
			isa = PBXGroup;
			children = (
				961A2DE6220CD9C4001A95E6 /* AnimeViewController.swift */,
				96CF31AA221F1C42003D151E /* PreviewViewController.swift */,
				9665C3AA22122431000E61C6 /* AnimeDetailViewController.swift */,
				9665C3AE22122674000E61C6 /* AnimeCell.swift */,
			);
			path = "VC's";
			sourceTree = "<group>";
		};
		9665C3AD22122499000E61C6 /* Extra */ = {
			isa = PBXGroup;
			children = (
				961A2DE8220CD9C4001A95E6 /* Main.storyboard */,
				961A2DEB220CD9C4001A95E6 /* Assets.xcassets */,
				961A2DE4220CD9C4001A95E6 /* AppDelegate.swift */,
				961A2DED220CD9C4001A95E6 /* LaunchScreen.storyboard */,
			);
			path = Extra;
			sourceTree = "<group>";
		};
		96CF31A2221F071D003D151E /* Models */ = {
			isa = PBXGroup;
			children = (
				96CF31A0221F0710003D151E /* AnimeModel.swift */,
				96CF31A3221F074C003D151E /* StreamModel.swift */,
			);
			path = Models;
			sourceTree = "<group>";
		};
		96CF31A5221F0EA5003D151E /* Helpers */ = {
			isa = PBXGroup;
			children = (
				96CF31A6221F0EB3003D151E /* UrlConverter.swift */,
				96CF31A8221F0F67003D151E /* MyNetworkHelper.swift */,
			);
			path = Helpers;
			sourceTree = "<group>";
		};
		CA9D092EE41E478C5C83BD46 /* Pods */ = {
			isa = PBXGroup;
			children = (
				ACF1A1A5B4D0236B82CAA1F1 /* Pods-AnimeSaver.debug.xcconfig */,
				2B49318EBAF532148DE8607E /* Pods-AnimeSaver.release.xcconfig */,
			);
			path = Pods;
			sourceTree = "<group>";
		};
		F3F68A0833B46C1F1F647FAC /* Frameworks */ = {
			isa = PBXGroup;
			children = (
				E1C39802097BFB4C45D575E5 /* Pods_AnimeSaver.framework */,
			);
			name = Frameworks;
			sourceTree = "<group>";
		};
/* End PBXGroup section */

/* Begin PBXNativeTarget section */
		961A2DE0220CD9C4001A95E6 /* AnimeSaver */ = {
			isa = PBXNativeTarget;
			buildConfigurationList = 961A2E09220CD9C4001A95E6 /* Build configuration list for PBXNativeTarget "AnimeSaver" */;
			buildPhases = (
				42895DB5A4E58CCDD4C12BD9 /* [CP] Check Pods Manifest.lock */,
				961A2DDD220CD9C4001A95E6 /* Sources */,
				961A2DDE220CD9C4001A95E6 /* Frameworks */,
				961A2DDF220CD9C4001A95E6 /* Resources */,
				7B9A33997C25F2B22A30C1B9 /* [CP] Embed Pods Frameworks */,
			);
			buildRules = (
			);
			dependencies = (
			);
			name = AnimeSaver;
			productName = AnimeSaver;
			productReference = 961A2DE1220CD9C4001A95E6 /* AnimeSaver.app */;
			productType = "com.apple.product-type.application";
		};
		961A2DF4220CD9C4001A95E6 /* AnimeSaverTests */ = {
			isa = PBXNativeTarget;
			buildConfigurationList = 961A2E0C220CD9C4001A95E6 /* Build configuration list for PBXNativeTarget "AnimeSaverTests" */;
			buildPhases = (
				961A2DF1220CD9C4001A95E6 /* Sources */,
				961A2DF2220CD9C4001A95E6 /* Frameworks */,
				961A2DF3220CD9C4001A95E6 /* Resources */,
			);
			buildRules = (
			);
			dependencies = (
				961A2DF7220CD9C4001A95E6 /* PBXTargetDependency */,
			);
			name = AnimeSaverTests;
			productName = AnimeSaverTests;
			productReference = 961A2DF5220CD9C4001A95E6 /* AnimeSaverTests.xctest */;
			productType = "com.apple.product-type.bundle.unit-test";
		};
		961A2DFF220CD9C4001A95E6 /* AnimeSaverUITests */ = {
			isa = PBXNativeTarget;
			buildConfigurationList = 961A2E0F220CD9C4001A95E6 /* Build configuration list for PBXNativeTarget "AnimeSaverUITests" */;
			buildPhases = (
				961A2DFC220CD9C4001A95E6 /* Sources */,
				961A2DFD220CD9C4001A95E6 /* Frameworks */,
				961A2DFE220CD9C4001A95E6 /* Resources */,
			);
			buildRules = (
			);
			dependencies = (
				961A2E02220CD9C4001A95E6 /* PBXTargetDependency */,
			);
			name = AnimeSaverUITests;
			productName = AnimeSaverUITests;
			productReference = 961A2E00220CD9C4001A95E6 /* AnimeSaverUITests.xctest */;
			productType = "com.apple.product-type.bundle.ui-testing";
		};
/* End PBXNativeTarget section */

/* Begin PBXProject section */
		961A2DD9220CD9C4001A95E6 /* Project object */ = {
			isa = PBXProject;
			attributes = {
				LastSwiftUpdateCheck = 1010;
				LastUpgradeCheck = 1010;
				ORGANIZATIONNAME = Jason;
				TargetAttributes = {
					961A2DE0220CD9C4001A95E6 = {
						CreatedOnToolsVersion = 10.1;
					};
					961A2DF4220CD9C4001A95E6 = {
						CreatedOnToolsVersion = 10.1;
						TestTargetID = 961A2DE0220CD9C4001A95E6;
					};
					961A2DFF220CD9C4001A95E6 = {
						CreatedOnToolsVersion = 10.1;
						TestTargetID = 961A2DE0220CD9C4001A95E6;
					};
				};
			};
			buildConfigurationList = 961A2DDC220CD9C4001A95E6 /* Build configuration list for PBXProject "AnimeSaver" */;
			compatibilityVersion = "Xcode 9.3";
			developmentRegion = en;
			hasScannedForEncodings = 0;
			knownRegions = (
				en,
				Base,
			);
			mainGroup = 961A2DD8220CD9C4001A95E6;
			productRefGroup = 961A2DE2220CD9C4001A95E6 /* Products */;
			projectDirPath = "";
			projectRoot = "";
			targets = (
				961A2DE0220CD9C4001A95E6 /* AnimeSaver */,
				961A2DF4220CD9C4001A95E6 /* AnimeSaverTests */,
				961A2DFF220CD9C4001A95E6 /* AnimeSaverUITests */,
			);
		};
/* End PBXProject section */

/* Begin PBXResourcesBuildPhase section */
		961A2DDF220CD9C4001A95E6 /* Resources */ = {
			isa = PBXResourcesBuildPhase;
			buildActionMask = 2147483647;
			files = (
				961A2DEF220CD9C4001A95E6 /* LaunchScreen.storyboard in Resources */,
				961A2DEC220CD9C4001A95E6 /* Assets.xcassets in Resources */,
				96CB6FEB2225961600810F11 /* GoogleService-Info.plist in Resources */,
				961A2DEA220CD9C4001A95E6 /* Main.storyboard in Resources */,
			);
			runOnlyForDeploymentPostprocessing = 0;
		};
		961A2DF3220CD9C4001A95E6 /* Resources */ = {
			isa = PBXResourcesBuildPhase;
			buildActionMask = 2147483647;
			files = (
			);
			runOnlyForDeploymentPostprocessing = 0;
		};
		961A2DFE220CD9C4001A95E6 /* Resources */ = {
			isa = PBXResourcesBuildPhase;
			buildActionMask = 2147483647;
			files = (
			);
			runOnlyForDeploymentPostprocessing = 0;
		};
/* End PBXResourcesBuildPhase section */

/* Begin PBXShellScriptBuildPhase section */
		42895DB5A4E58CCDD4C12BD9 /* [CP] Check Pods Manifest.lock */ = {
			isa = PBXShellScriptBuildPhase;
			buildActionMask = 2147483647;
			files = (
			);
			inputFileListPaths = (
			);
			inputPaths = (
				"${PODS_PODFILE_DIR_PATH}/Podfile.lock",
				"${PODS_ROOT}/Manifest.lock",
			);
			name = "[CP] Check Pods Manifest.lock";
			outputFileListPaths = (
			);
			outputPaths = (
				"$(DERIVED_FILE_DIR)/Pods-AnimeSaver-checkManifestLockResult.txt",
			);
			runOnlyForDeploymentPostprocessing = 0;
			shellPath = /bin/sh;
			shellScript = "diff \"${PODS_PODFILE_DIR_PATH}/Podfile.lock\" \"${PODS_ROOT}/Manifest.lock\" > /dev/null\nif [ $? != 0 ] ; then\n    # print error to STDERR\n    echo \"error: The sandbox is not in sync with the Podfile.lock. Run 'pod install' or update your CocoaPods installation.\" >&2\n    exit 1\nfi\n# This output is used by Xcode 'outputs' to avoid re-running this script phase.\necho \"SUCCESS\" > \"${SCRIPT_OUTPUT_FILE_0}\"\n";
			showEnvVarsInLog = 0;
		};
		7B9A33997C25F2B22A30C1B9 /* [CP] Embed Pods Frameworks */ = {
			isa = PBXShellScriptBuildPhase;
			buildActionMask = 2147483647;
			files = (
			);
			inputFileListPaths = (
			);
			inputPaths = (
				"${PODS_ROOT}/Target Support Files/Pods-AnimeSaver/Pods-AnimeSaver-frameworks.sh",
				"${BUILT_PRODUCTS_DIR}/BoringSSL-GRPC/openssl_grpc.framework",
				"${BUILT_PRODUCTS_DIR}/GTMSessionFetcher/GTMSessionFetcher.framework",
				"${BUILT_PRODUCTS_DIR}/GoogleUtilities/GoogleUtilities.framework",
				"${BUILT_PRODUCTS_DIR}/Protobuf/Protobuf.framework",
				"${BUILT_PRODUCTS_DIR}/gRPC-C++/grpcpp.framework",
				"${BUILT_PRODUCTS_DIR}/gRPC-Core/grpc.framework",
				"${BUILT_PRODUCTS_DIR}/leveldb-library/leveldb.framework",
				"${BUILT_PRODUCTS_DIR}/nanopb/nanopb.framework",
			);
			name = "[CP] Embed Pods Frameworks";
			outputFileListPaths = (
			);
			outputPaths = (
				"${TARGET_BUILD_DIR}/${FRAMEWORKS_FOLDER_PATH}/openssl_grpc.framework",
				"${TARGET_BUILD_DIR}/${FRAMEWORKS_FOLDER_PATH}/GTMSessionFetcher.framework",
				"${TARGET_BUILD_DIR}/${FRAMEWORKS_FOLDER_PATH}/GoogleUtilities.framework",
				"${TARGET_BUILD_DIR}/${FRAMEWORKS_FOLDER_PATH}/Protobuf.framework",
				"${TARGET_BUILD_DIR}/${FRAMEWORKS_FOLDER_PATH}/grpcpp.framework",
				"${TARGET_BUILD_DIR}/${FRAMEWORKS_FOLDER_PATH}/grpc.framework",
				"${TARGET_BUILD_DIR}/${FRAMEWORKS_FOLDER_PATH}/leveldb.framework",
				"${TARGET_BUILD_DIR}/${FRAMEWORKS_FOLDER_PATH}/nanopb.framework",
			);
			runOnlyForDeploymentPostprocessing = 0;
			shellPath = /bin/sh;
			shellScript = "\"${PODS_ROOT}/Target Support Files/Pods-AnimeSaver/Pods-AnimeSaver-frameworks.sh\"\n";
			showEnvVarsInLog = 0;
		};
/* End PBXShellScriptBuildPhase section */

/* Begin PBXSourcesBuildPhase section */
		961A2DDD220CD9C4001A95E6 /* Sources */ = {
			isa = PBXSourcesBuildPhase;
			buildActionMask = 2147483647;
			files = (
				96CF31A9221F0F67003D151E /* MyNetworkHelper.swift in Sources */,
				9665C3AF22122674000E61C6 /* AnimeCell.swift in Sources */,
				9665C3AB22122431000E61C6 /* AnimeDetailViewController.swift in Sources */,
				96CF31A7221F0EB3003D151E /* UrlConverter.swift in Sources */,
				96CF31A1221F0710003D151E /* AnimeModel.swift in Sources */,
				961A2DE7220CD9C4001A95E6 /* AnimeViewController.swift in Sources */,
				961A2DE5220CD9C4001A95E6 /* AppDelegate.swift in Sources */,
				96CF31A4221F074C003D151E /* StreamModel.swift in Sources */,
				96CF31AB221F1C42003D151E /* PreviewViewController.swift in Sources */,
			);
			runOnlyForDeploymentPostprocessing = 0;
		};
		961A2DF1220CD9C4001A95E6 /* Sources */ = {
			isa = PBXSourcesBuildPhase;
			buildActionMask = 2147483647;
			files = (
				961A2DFA220CD9C4001A95E6 /* AnimeSaverTests.swift in Sources */,
			);
			runOnlyForDeploymentPostprocessing = 0;
		};
		961A2DFC220CD9C4001A95E6 /* Sources */ = {
			isa = PBXSourcesBuildPhase;
			buildActionMask = 2147483647;
			files = (
				961A2E05220CD9C4001A95E6 /* AnimeSaverUITests.swift in Sources */,
			);
			runOnlyForDeploymentPostprocessing = 0;
		};
/* End PBXSourcesBuildPhase section */

/* Begin PBXTargetDependency section */
		961A2DF7220CD9C4001A95E6 /* PBXTargetDependency */ = {
			isa = PBXTargetDependency;
			target = 961A2DE0220CD9C4001A95E6 /* AnimeSaver */;
			targetProxy = 961A2DF6220CD9C4001A95E6 /* PBXContainerItemProxy */;
		};
		961A2E02220CD9C4001A95E6 /* PBXTargetDependency */ = {
			isa = PBXTargetDependency;
			target = 961A2DE0220CD9C4001A95E6 /* AnimeSaver */;
			targetProxy = 961A2E01220CD9C4001A95E6 /* PBXContainerItemProxy */;
		};
/* End PBXTargetDependency section */

/* Begin PBXVariantGroup section */
		961A2DE8220CD9C4001A95E6 /* Main.storyboard */ = {
			isa = PBXVariantGroup;
			children = (
				961A2DE9220CD9C4001A95E6 /* Base */,
			);
			name = Main.storyboard;
			sourceTree = "<group>";
		};
		961A2DED220CD9C4001A95E6 /* LaunchScreen.storyboard */ = {
			isa = PBXVariantGroup;
			children = (
				961A2DEE220CD9C4001A95E6 /* Base */,
			);
			name = LaunchScreen.storyboard;
			sourceTree = "<group>";
		};
/* End PBXVariantGroup section */

/* Begin XCBuildConfiguration section */
		961A2E07220CD9C4001A95E6 /* Debug */ = {
			isa = XCBuildConfiguration;
			buildSettings = {
				ALWAYS_SEARCH_USER_PATHS = NO;
				CLANG_ANALYZER_NONNULL = YES;
				CLANG_ANALYZER_NUMBER_OBJECT_CONVERSION = YES_AGGRESSIVE;
				CLANG_CXX_LANGUAGE_STANDARD = "gnu++14";
				CLANG_CXX_LIBRARY = "libc++";
				CLANG_ENABLE_MODULES = YES;
				CLANG_ENABLE_OBJC_ARC = YES;
				CLANG_ENABLE_OBJC_WEAK = YES;
				CLANG_WARN_BLOCK_CAPTURE_AUTORELEASING = YES;
				CLANG_WARN_BOOL_CONVERSION = YES;
				CLANG_WARN_COMMA = YES;
				CLANG_WARN_CONSTANT_CONVERSION = YES;
				CLANG_WARN_DEPRECATED_OBJC_IMPLEMENTATIONS = YES;
				CLANG_WARN_DIRECT_OBJC_ISA_USAGE = YES_ERROR;
				CLANG_WARN_DOCUMENTATION_COMMENTS = YES;
				CLANG_WARN_EMPTY_BODY = YES;
				CLANG_WARN_ENUM_CONVERSION = YES;
				CLANG_WARN_INFINITE_RECURSION = YES;
				CLANG_WARN_INT_CONVERSION = YES;
				CLANG_WARN_NON_LITERAL_NULL_CONVERSION = YES;
				CLANG_WARN_OBJC_IMPLICIT_RETAIN_SELF = YES;
				CLANG_WARN_OBJC_LITERAL_CONVERSION = YES;
				CLANG_WARN_OBJC_ROOT_CLASS = YES_ERROR;
				CLANG_WARN_RANGE_LOOP_ANALYSIS = YES;
				CLANG_WARN_STRICT_PROTOTYPES = YES;
				CLANG_WARN_SUSPICIOUS_MOVE = YES;
				CLANG_WARN_UNGUARDED_AVAILABILITY = YES_AGGRESSIVE;
				CLANG_WARN_UNREACHABLE_CODE = YES;
				CLANG_WARN__DUPLICATE_METHOD_MATCH = YES;
				CODE_SIGN_IDENTITY = "iPhone Developer";
				COPY_PHASE_STRIP = NO;
				DEBUG_INFORMATION_FORMAT = dwarf;
				ENABLE_STRICT_OBJC_MSGSEND = YES;
				ENABLE_TESTABILITY = YES;
				GCC_C_LANGUAGE_STANDARD = gnu11;
				GCC_DYNAMIC_NO_PIC = NO;
				GCC_NO_COMMON_BLOCKS = YES;
				GCC_OPTIMIZATION_LEVEL = 0;
				GCC_PREPROCESSOR_DEFINITIONS = (
					"DEBUG=1",
					"$(inherited)",
				);
				GCC_WARN_64_TO_32_BIT_CONVERSION = YES;
				GCC_WARN_ABOUT_RETURN_TYPE = YES_ERROR;
				GCC_WARN_UNDECLARED_SELECTOR = YES;
				GCC_WARN_UNINITIALIZED_AUTOS = YES_AGGRESSIVE;
				GCC_WARN_UNUSED_FUNCTION = YES;
				GCC_WARN_UNUSED_VARIABLE = YES;
				IPHONEOS_DEPLOYMENT_TARGET = 12.1;
				MTL_ENABLE_DEBUG_INFO = INCLUDE_SOURCE;
				MTL_FAST_MATH = YES;
				ONLY_ACTIVE_ARCH = YES;
				SDKROOT = iphoneos;
				SWIFT_ACTIVE_COMPILATION_CONDITIONS = DEBUG;
				SWIFT_OPTIMIZATION_LEVEL = "-Onone";
			};
			name = Debug;
		};
		961A2E08220CD9C4001A95E6 /* Release */ = {
			isa = XCBuildConfiguration;
			buildSettings = {
				ALWAYS_SEARCH_USER_PATHS = NO;
				CLANG_ANALYZER_NONNULL = YES;
				CLANG_ANALYZER_NUMBER_OBJECT_CONVERSION = YES_AGGRESSIVE;
				CLANG_CXX_LANGUAGE_STANDARD = "gnu++14";
				CLANG_CXX_LIBRARY = "libc++";
				CLANG_ENABLE_MODULES = YES;
				CLANG_ENABLE_OBJC_ARC = YES;
				CLANG_ENABLE_OBJC_WEAK = YES;
				CLANG_WARN_BLOCK_CAPTURE_AUTORELEASING = YES;
				CLANG_WARN_BOOL_CONVERSION = YES;
				CLANG_WARN_COMMA = YES;
				CLANG_WARN_CONSTANT_CONVERSION = YES;
				CLANG_WARN_DEPRECATED_OBJC_IMPLEMENTATIONS = YES;
				CLANG_WARN_DIRECT_OBJC_ISA_USAGE = YES_ERROR;
				CLANG_WARN_DOCUMENTATION_COMMENTS = YES;
				CLANG_WARN_EMPTY_BODY = YES;
				CLANG_WARN_ENUM_CONVERSION = YES;
				CLANG_WARN_INFINITE_RECURSION = YES;
				CLANG_WARN_INT_CONVERSION = YES;
				CLANG_WARN_NON_LITERAL_NULL_CONVERSION = YES;
				CLANG_WARN_OBJC_IMPLICIT_RETAIN_SELF = YES;
				CLANG_WARN_OBJC_LITERAL_CONVERSION = YES;
				CLANG_WARN_OBJC_ROOT_CLASS = YES_ERROR;
				CLANG_WARN_RANGE_LOOP_ANALYSIS = YES;
				CLANG_WARN_STRICT_PROTOTYPES = YES;
				CLANG_WARN_SUSPICIOUS_MOVE = YES;
				CLANG_WARN_UNGUARDED_AVAILABILITY = YES_AGGRESSIVE;
				CLANG_WARN_UNREACHABLE_CODE = YES;
				CLANG_WARN__DUPLICATE_METHOD_MATCH = YES;
				CODE_SIGN_IDENTITY = "iPhone Developer";
				COPY_PHASE_STRIP = NO;
				DEBUG_INFORMATION_FORMAT = "dwarf-with-dsym";
				ENABLE_NS_ASSERTIONS = NO;
				ENABLE_STRICT_OBJC_MSGSEND = YES;
				GCC_C_LANGUAGE_STANDARD = gnu11;
				GCC_NO_COMMON_BLOCKS = YES;
				GCC_WARN_64_TO_32_BIT_CONVERSION = YES;
				GCC_WARN_ABOUT_RETURN_TYPE = YES_ERROR;
				GCC_WARN_UNDECLARED_SELECTOR = YES;
				GCC_WARN_UNINITIALIZED_AUTOS = YES_AGGRESSIVE;
				GCC_WARN_UNUSED_FUNCTION = YES;
				GCC_WARN_UNUSED_VARIABLE = YES;
				IPHONEOS_DEPLOYMENT_TARGET = 12.1;
				MTL_ENABLE_DEBUG_INFO = NO;
				MTL_FAST_MATH = YES;
				SDKROOT = iphoneos;
				SWIFT_COMPILATION_MODE = wholemodule;
				SWIFT_OPTIMIZATION_LEVEL = "-O";
				VALIDATE_PRODUCT = YES;
			};
			name = Release;
		};
		961A2E0A220CD9C4001A95E6 /* Debug */ = {
			isa = XCBuildConfiguration;
			baseConfigurationReference = ACF1A1A5B4D0236B82CAA1F1 /* Pods-AnimeSaver.debug.xcconfig */;
			buildSettings = {
				ASSETCATALOG_COMPILER_APPICON_NAME = AppIcon;
				CODE_SIGN_STYLE = Automatic;
				DEVELOPMENT_TEAM = 9P5SSDN939;
				INFOPLIST_FILE = AnimeSaver/Info.plist;
				LD_RUNPATH_SEARCH_PATHS = (
					"$(inherited)",
					"@executable_path/Frameworks",
				);
				PRODUCT_BUNDLE_IDENTIFIER = pursuit.AnimeSaver;
				PRODUCT_NAME = "$(TARGET_NAME)";
				SWIFT_VERSION = 4.2;
				TARGETED_DEVICE_FAMILY = "1,2";
			};
			name = Debug;
		};
		961A2E0B220CD9C4001A95E6 /* Release */ = {
			isa = XCBuildConfiguration;
			baseConfigurationReference = 2B49318EBAF532148DE8607E /* Pods-AnimeSaver.release.xcconfig */;
			buildSettings = {
				ASSETCATALOG_COMPILER_APPICON_NAME = AppIcon;
				CODE_SIGN_STYLE = Automatic;
				DEVELOPMENT_TEAM = 9P5SSDN939;
				INFOPLIST_FILE = AnimeSaver/Info.plist;
				LD_RUNPATH_SEARCH_PATHS = (
					"$(inherited)",
					"@executable_path/Frameworks",
				);
				PRODUCT_BUNDLE_IDENTIFIER = pursuit.AnimeSaver;
				PRODUCT_NAME = "$(TARGET_NAME)";
				SWIFT_VERSION = 4.2;
				TARGETED_DEVICE_FAMILY = "1,2";
			};
			name = Release;
		};
		961A2E0D220CD9C4001A95E6 /* Debug */ = {
			isa = XCBuildConfiguration;
			buildSettings = {
				ALWAYS_EMBED_SWIFT_STANDARD_LIBRARIES = YES;
				BUNDLE_LOADER = "$(TEST_HOST)";
				CODE_SIGN_STYLE = Automatic;
				DEVELOPMENT_TEAM = 9P5SSDN939;
				INFOPLIST_FILE = AnimeSaverTests/Info.plist;
				LD_RUNPATH_SEARCH_PATHS = (
					"$(inherited)",
					"@executable_path/Frameworks",
					"@loader_path/Frameworks",
				);
				PRODUCT_BUNDLE_IDENTIFIER = pursuit.AnimeSaverTests;
				PRODUCT_NAME = "$(TARGET_NAME)";
				SWIFT_VERSION = 4.2;
				TARGETED_DEVICE_FAMILY = "1,2";
				TEST_HOST = "$(BUILT_PRODUCTS_DIR)/AnimeSaver.app/AnimeSaver";
			};
			name = Debug;
		};
		961A2E0E220CD9C4001A95E6 /* Release */ = {
			isa = XCBuildConfiguration;
			buildSettings = {
				ALWAYS_EMBED_SWIFT_STANDARD_LIBRARIES = YES;
				BUNDLE_LOADER = "$(TEST_HOST)";
				CODE_SIGN_STYLE = Automatic;
				DEVELOPMENT_TEAM = 9P5SSDN939;
				INFOPLIST_FILE = AnimeSaverTests/Info.plist;
				LD_RUNPATH_SEARCH_PATHS = (
					"$(inherited)",
					"@executable_path/Frameworks",
					"@loader_path/Frameworks",
				);
				PRODUCT_BUNDLE_IDENTIFIER = pursuit.AnimeSaverTests;
				PRODUCT_NAME = "$(TARGET_NAME)";
				SWIFT_VERSION = 4.2;
				TARGETED_DEVICE_FAMILY = "1,2";
				TEST_HOST = "$(BUILT_PRODUCTS_DIR)/AnimeSaver.app/AnimeSaver";
			};
			name = Release;
		};
		961A2E10220CD9C4001A95E6 /* Debug */ = {
			isa = XCBuildConfiguration;
			buildSettings = {
				ALWAYS_EMBED_SWIFT_STANDARD_LIBRARIES = YES;
				CODE_SIGN_STYLE = Automatic;
				DEVELOPMENT_TEAM = 9P5SSDN939;
				INFOPLIST_FILE = AnimeSaverUITests/Info.plist;
				LD_RUNPATH_SEARCH_PATHS = (
					"$(inherited)",
					"@executable_path/Frameworks",
					"@loader_path/Frameworks",
				);
				PRODUCT_BUNDLE_IDENTIFIER = pursuit.AnimeSaverUITests;
				PRODUCT_NAME = "$(TARGET_NAME)";
				SWIFT_VERSION = 4.2;
				TARGETED_DEVICE_FAMILY = "1,2";
				TEST_TARGET_NAME = AnimeSaver;
			};
			name = Debug;
		};
		961A2E11220CD9C4001A95E6 /* Release */ = {
			isa = XCBuildConfiguration;
			buildSettings = {
				ALWAYS_EMBED_SWIFT_STANDARD_LIBRARIES = YES;
				CODE_SIGN_STYLE = Automatic;
				DEVELOPMENT_TEAM = 9P5SSDN939;
				INFOPLIST_FILE = AnimeSaverUITests/Info.plist;
				LD_RUNPATH_SEARCH_PATHS = (
					"$(inherited)",
					"@executable_path/Frameworks",
					"@loader_path/Frameworks",
				);
				PRODUCT_BUNDLE_IDENTIFIER = pursuit.AnimeSaverUITests;
				PRODUCT_NAME = "$(TARGET_NAME)";
				SWIFT_VERSION = 4.2;
				TARGETED_DEVICE_FAMILY = "1,2";
				TEST_TARGET_NAME = AnimeSaver;
			};
			name = Release;
		};
/* End XCBuildConfiguration section */

/* Begin XCConfigurationList section */
		961A2DDC220CD9C4001A95E6 /* Build configuration list for PBXProject "AnimeSaver" */ = {
			isa = XCConfigurationList;
			buildConfigurations = (
				961A2E07220CD9C4001A95E6 /* Debug */,
				961A2E08220CD9C4001A95E6 /* Release */,
			);
			defaultConfigurationIsVisible = 0;
			defaultConfigurationName = Release;
		};
		961A2E09220CD9C4001A95E6 /* Build configuration list for PBXNativeTarget "AnimeSaver" */ = {
			isa = XCConfigurationList;
			buildConfigurations = (
				961A2E0A220CD9C4001A95E6 /* Debug */,
				961A2E0B220CD9C4001A95E6 /* Release */,
			);
			defaultConfigurationIsVisible = 0;
			defaultConfigurationName = Release;
		};
		961A2E0C220CD9C4001A95E6 /* Build configuration list for PBXNativeTarget "AnimeSaverTests" */ = {
			isa = XCConfigurationList;
			buildConfigurations = (
				961A2E0D220CD9C4001A95E6 /* Debug */,
				961A2E0E220CD9C4001A95E6 /* Release */,
			);
			defaultConfigurationIsVisible = 0;
			defaultConfigurationName = Release;
		};
		961A2E0F220CD9C4001A95E6 /* Build configuration list for PBXNativeTarget "AnimeSaverUITests" */ = {
			isa = XCConfigurationList;
			buildConfigurations = (
				961A2E10220CD9C4001A95E6 /* Debug */,
				961A2E11220CD9C4001A95E6 /* Release */,
			);
			defaultConfigurationIsVisible = 0;
			defaultConfigurationName = Release;
		};
/* End XCConfigurationList section */
	};
	rootObject = 961A2DD9220CD9C4001A95E6 /* Project object */;
}
